
Microsoft Visual Studio Solution File, Format Version 12.00
# Visual Studio 14
VisualStudioVersion = 14.0.23107.0
MinimumVisualStudioVersion = 10.0.40219.1
Project("{FAE04EC0-301F-11D3-BF4B-00C04F79EFBC}") = "Ipify", "Ipify\Ipify.csproj", "{3A76ED6C-03A7-4432-9187-CFF0CD97D53E}"
EndProject
Project("{FAE04EC0-301F-11D3-BF4B-00C04F79EFBC}") = "Ipify.Tests", "Ipify.Tests\Ipify.Tests.csproj", "{A5A12BA3-3E1D-4B2D-BDCC-930A29836244}"
EndProject
Global
	GlobalSection(SolutionConfigurationPlatforms) = preSolution
		Debug|Any CPU = Debug|Any CPU
		Release|Any CPU = Release|Any CPU
	EndGlobalSection
	GlobalSection(ProjectConfigurationPlatforms) = postSolution
		{3A76ED6C-03A7-4432-9187-CFF0CD97D53E}.Debug|Any CPU.ActiveCfg = Debug|Any CPU
		{3A76ED6C-03A7-4432-9187-CFF0CD97D53E}.Debug|Any CPU.Build.0 = Debug|Any CPU
		{3A76ED6C-03A7-4432-9187-CFF0CD97D53E}.Release|Any CPU.ActiveCfg = Release|Any CPU
		{3A76ED6C-03A7-4432-9187-CFF0CD97D53E}.Release|Any CPU.Build.0 = Release|Any CPU
		{A5A12BA3-3E1D-4B2D-BDCC-930A29836244}.Debug|Any CPU.ActiveCfg = Debug|Any CPU
		{A5A12BA3-3E1D-4B2D-BDCC-930A29836244}.Debug|Any CPU.Build.0 = Debug|Any CPU
		{A5A12BA3-3E1D-4B2D-BDCC-930A29836244}.Release|Any CPU.ActiveCfg = Release|Any CPU
		{A5A12BA3-3E1D-4B2D-BDCC-930A29836244}.Release|Any CPU.Build.0 = Release|Any CPU
	EndGlobalSection
	GlobalSection(SolutionProperties) = preSolution
		HideSolutionNode = FALSE
	EndGlobalSection
EndGlobal
